{
  "name": "hono-example-basic",
  "version": "0.0.1",
  "lockfileVersion": 2,
  "requires": true,
  "packages": {
    "": {
      "name": "hono-example-basic",
      "version": "0.0.1",
      "license": "MIT",
      "dependencies": {
        "hono": "^0.0.9"
      }
    },
    "node_modules/hono": {
      "version": "0.0.9",
      "resolved": "https://registry.npmjs.org/hono/-/hono-0.0.9.tgz",
      "integrity": "sha512-oqzM702lNKsG3BoJD7Z31R4ocTeNmYF+Wr+ObCwAalo0vWt2Gbi9ASzi33iUl04/SmduGa6vCua82BXCMXtY5A=="
    }
  },
  "dependencies": {
    "hono": {
      "version": "0.0.9",
      "resolved": "https://registry.npmjs.org/hono/-/hono-0.0.9.tgz",
      "integrity": "sha512-oqzM702lNKsG3BoJD7Z31R4ocTeNmYF+Wr+ObCwAalo0vWt2Gbi9ASzi33iUl04/SmduGa6vCua82BXCMXtY5A=="
    }
  }
}
