{
  "name": "hono-example-basic",
  "version": "0.0.1",
  "lockfileVersion": 2,
  "requires": true,
  "packages": {
    "": {
      "name": "hono-example-basic",
      "version": "0.0.1",
      "license": "MIT",
      "dependencies": {
        "hono": "^0.0.11"
      }
    },
    "node_modules/hono": {
      "version": "0.0.11",
      "resolved": "https://registry.npmjs.org/hono/-/hono-0.0.11.tgz",
      "integrity": "sha512-HvLIYZyUmUwS+WS6kXxWgmpmr20l+BL8y/09Vp7rrvHtuIrO7VH6Y6P5RWOcuBqm4wo4Zka8OBAtbs5jE+M6xA=="
    }
  },
  "dependencies": {
    "hono": {
      "version": "0.0.11",
      "resolved": "https://registry.npmjs.org/hono/-/hono-0.0.11.tgz",
      "integrity": "sha512-HvLIYZyUmUwS+WS6kXxWgmpmr20l+BL8y/09Vp7rrvHtuIrO7VH6Y6P5RWOcuBqm4wo4Zka8OBAtbs5jE+M6xA=="
    }
  }
}
