{
  "version": "3",
  "packages": {
    "specifiers": {
      "npm:@types/node": "npm:@types/node@18.16.19"
    },
    "npm": {
      "@types/node@18.16.19": {
        "integrity": "sha512-IXl7o+R9iti9eBW4Wg2hx1xQDig183jj7YLn8F7udNceyfkbn1ZxmzZXuak20gR40D7pIkIY1kYGx5VIGbaHKA==",
        "dependencies": {}
      }
    }
  },
  "remote": {
    "https://deno.land/std@0.147.0/fmt/colors.ts": "6f9340b7fb8cc25a993a99e5efc56fe81bb5af284ff412129dd06df06f53c0b4",
    "https://deno.land/std@0.147.0/testing/_diff.ts": "029a00560b0d534bc0046f1bce4bd36b3b41ada3f2a3178c85686eb2ff5f1413",
    "https://deno.land/std@0.147.0/testing/_format.ts": "0d8dc79eab15b67cdc532826213bbe05bccfd276ca473a50a3fc7bbfb7260642",
    "https://deno.land/std@0.147.0/testing/asserts.ts": "c17254748504f449c98476b78f4d206ca47cffc826e415026f09d7600c19535e",
    "https://deno.land/std@0.147.0/testing/mock.ts": "d9630b551fe59a81b3c214c1a6ccb67819b6e34fc20e3424a659528fe1f572c1"
  }
}
