# THIS IS AN AUTOGENERATED FILE. DO NOT EDIT THIS FILE DIRECTLY.
# yarn lockfile v1


itty-router@^2.4.8:
  version "2.4.8"
  resolved "https://registry.yarnpkg.com/itty-router/-/itty-router-2.4.8.tgz#6b2ab34268a3516ea0112139dc2cca83cdedf2ce"
  integrity sha512-VpAHeAN+/ABLqT/zEnwMomNCDh8eRrs06C8HRR8OxjVwGhXtvzoJbggjUnjAeNGxqjV4w7pp87Iu8jzEpr92fg==
