{
  "lockfileVersion": 1,
  "workspaces": {
    "": {
      "dependencies": {
        "@medley/router": "^0.2.1",
        "express": "^4.21.2",
        "find-my-way": "^9.3.0",
        "koa-router": "^12.0.1",
        "koa-tree-router": "^0.13.1",
        "memoirist": "^0.4.0",
        "mitata": "^1.0.34",
        "radix3": "^1.1.2",
        "rou3": "^0.7.3",
        "trek-router": "^1.2.0",
      },
      "devDependencies": {
        "tsx": "^4.20.5",
      },
    },
  },
  "packages": {
    "@esbuild/aix-ppc64": ["@esbuild/aix-ppc64@0.25.9", "", { "os": "aix", "cpu": "ppc64" }, "sha512-OaGtL73Jck6pBKjNIe24BnFE6agGl+6KxDtTfHhy1HmhthfKouEcOhqpSL64K4/0WCtbKFLOdzD/44cJ4k9opA=="],

    "@esbuild/android-arm": ["@esbuild/android-arm@0.25.9", "", { "os": "android", "cpu": "arm" }, "sha512-5WNI1DaMtxQ7t7B6xa572XMXpHAaI/9Hnhk8lcxF4zVN4xstUgTlvuGDorBguKEnZO70qwEcLpfifMLoxiPqHQ=="],

    "@esbuild/android-arm64": ["@esbuild/android-arm64@0.25.9", "", { "os": "android", "cpu": "arm64" }, "sha512-IDrddSmpSv51ftWslJMvl3Q2ZT98fUSL2/rlUXuVqRXHCs5EUF1/f+jbjF5+NG9UffUDMCiTyh8iec7u8RlTLg=="],

    "@esbuild/android-x64": ["@esbuild/android-x64@0.25.9", "", { "os": "android", "cpu": "x64" }, "sha512-I853iMZ1hWZdNllhVZKm34f4wErd4lMyeV7BLzEExGEIZYsOzqDWDf+y082izYUE8gtJnYHdeDpN/6tUdwvfiw=="],

    "@esbuild/darwin-arm64": ["@esbuild/darwin-arm64@0.25.9", "", { "os": "darwin", "cpu": "arm64" }, "sha512-XIpIDMAjOELi/9PB30vEbVMs3GV1v2zkkPnuyRRURbhqjyzIINwj+nbQATh4H9GxUgH1kFsEyQMxwiLFKUS6Rg=="],

    "@esbuild/darwin-x64": ["@esbuild/darwin-x64@0.25.9", "", { "os": "darwin", "cpu": "x64" }, "sha512-jhHfBzjYTA1IQu8VyrjCX4ApJDnH+ez+IYVEoJHeqJm9VhG9Dh2BYaJritkYK3vMaXrf7Ogr/0MQ8/MeIefsPQ=="],

    "@esbuild/freebsd-arm64": ["@esbuild/freebsd-arm64@0.25.9", "", { "os": "freebsd", "cpu": "arm64" }, "sha512-z93DmbnY6fX9+KdD4Ue/H6sYs+bhFQJNCPZsi4XWJoYblUqT06MQUdBCpcSfuiN72AbqeBFu5LVQTjfXDE2A6Q=="],

    "@esbuild/freebsd-x64": ["@esbuild/freebsd-x64@0.25.9", "", { "os": "freebsd", "cpu": "x64" }, "sha512-mrKX6H/vOyo5v71YfXWJxLVxgy1kyt1MQaD8wZJgJfG4gq4DpQGpgTB74e5yBeQdyMTbgxp0YtNj7NuHN0PoZg=="],

    "@esbuild/linux-arm": ["@esbuild/linux-arm@0.25.9", "", { "os": "linux", "cpu": "arm" }, "sha512-HBU2Xv78SMgaydBmdor38lg8YDnFKSARg1Q6AT0/y2ezUAKiZvc211RDFHlEZRFNRVhcMamiToo7bDx3VEOYQw=="],

    "@esbuild/linux-arm64": ["@esbuild/linux-arm64@0.25.9", "", { "os": "linux", "cpu": "arm64" }, "sha512-BlB7bIcLT3G26urh5Dmse7fiLmLXnRlopw4s8DalgZ8ef79Jj4aUcYbk90g8iCa2467HX8SAIidbL7gsqXHdRw=="],

    "@esbuild/linux-ia32": ["@esbuild/linux-ia32@0.25.9", "", { "os": "linux", "cpu": "ia32" }, "sha512-e7S3MOJPZGp2QW6AK6+Ly81rC7oOSerQ+P8L0ta4FhVi+/j/v2yZzx5CqqDaWjtPFfYz21Vi1S0auHrap3Ma3A=="],

    "@esbuild/linux-loong64": ["@esbuild/linux-loong64@0.25.9", "", { "os": "linux", "cpu": "none" }, "sha512-Sbe10Bnn0oUAB2AalYztvGcK+o6YFFA/9829PhOCUS9vkJElXGdphz0A3DbMdP8gmKkqPmPcMJmJOrI3VYB1JQ=="],

    "@esbuild/linux-mips64el": ["@esbuild/linux-mips64el@0.25.9", "", { "os": "linux", "cpu": "none" }, "sha512-YcM5br0mVyZw2jcQeLIkhWtKPeVfAerES5PvOzaDxVtIyZ2NUBZKNLjC5z3/fUlDgT6w89VsxP2qzNipOaaDyA=="],

    "@esbuild/linux-ppc64": ["@esbuild/linux-ppc64@0.25.9", "", { "os": "linux", "cpu": "ppc64" }, "sha512-++0HQvasdo20JytyDpFvQtNrEsAgNG2CY1CLMwGXfFTKGBGQT3bOeLSYE2l1fYdvML5KUuwn9Z8L1EWe2tzs1w=="],

    "@esbuild/linux-riscv64": ["@esbuild/linux-riscv64@0.25.9", "", { "os": "linux", "cpu": "none" }, "sha512-uNIBa279Y3fkjV+2cUjx36xkx7eSjb8IvnL01eXUKXez/CBHNRw5ekCGMPM0BcmqBxBcdgUWuUXmVWwm4CH9kg=="],

    "@esbuild/linux-s390x": ["@esbuild/linux-s390x@0.25.9", "", { "os": "linux", "cpu": "s390x" }, "sha512-Mfiphvp3MjC/lctb+7D287Xw1DGzqJPb/J2aHHcHxflUo+8tmN/6d4k6I2yFR7BVo5/g7x2Monq4+Yew0EHRIA=="],

    "@esbuild/linux-x64": ["@esbuild/linux-x64@0.25.9", "", { "os": "linux", "cpu": "x64" }, "sha512-iSwByxzRe48YVkmpbgoxVzn76BXjlYFXC7NvLYq+b+kDjyyk30J0JY47DIn8z1MO3K0oSl9fZoRmZPQI4Hklzg=="],

    "@esbuild/netbsd-arm64": ["@esbuild/netbsd-arm64@0.25.9", "", { "os": "none", "cpu": "arm64" }, "sha512-9jNJl6FqaUG+COdQMjSCGW4QiMHH88xWbvZ+kRVblZsWrkXlABuGdFJ1E9L7HK+T0Yqd4akKNa/lO0+jDxQD4Q=="],

    "@esbuild/netbsd-x64": ["@esbuild/netbsd-x64@0.25.9", "", { "os": "none", "cpu": "x64" }, "sha512-RLLdkflmqRG8KanPGOU7Rpg829ZHu8nFy5Pqdi9U01VYtG9Y0zOG6Vr2z4/S+/3zIyOxiK6cCeYNWOFR9QP87g=="],

    "@esbuild/openbsd-arm64": ["@esbuild/openbsd-arm64@0.25.9", "", { "os": "openbsd", "cpu": "arm64" }, "sha512-YaFBlPGeDasft5IIM+CQAhJAqS3St3nJzDEgsgFixcfZeyGPCd6eJBWzke5piZuZ7CtL656eOSYKk4Ls2C0FRQ=="],

    "@esbuild/openbsd-x64": ["@esbuild/openbsd-x64@0.25.9", "", { "os": "openbsd", "cpu": "x64" }, "sha512-1MkgTCuvMGWuqVtAvkpkXFmtL8XhWy+j4jaSO2wxfJtilVCi0ZE37b8uOdMItIHz4I6z1bWWtEX4CJwcKYLcuA=="],

    "@esbuild/openharmony-arm64": ["@esbuild/openharmony-arm64@0.25.9", "", { "os": "none", "cpu": "arm64" }, "sha512-4Xd0xNiMVXKh6Fa7HEJQbrpP3m3DDn43jKxMjxLLRjWnRsfxjORYJlXPO4JNcXtOyfajXorRKY9NkOpTHptErg=="],

    "@esbuild/sunos-x64": ["@esbuild/sunos-x64@0.25.9", "", { "os": "sunos", "cpu": "x64" }, "sha512-WjH4s6hzo00nNezhp3wFIAfmGZ8U7KtrJNlFMRKxiI9mxEK1scOMAaa9i4crUtu+tBr+0IN6JCuAcSBJZfnphw=="],

    "@esbuild/win32-arm64": ["@esbuild/win32-arm64@0.25.9", "", { "os": "win32", "cpu": "arm64" }, "sha512-mGFrVJHmZiRqmP8xFOc6b84/7xa5y5YvR1x8djzXpJBSv/UsNK6aqec+6JDjConTgvvQefdGhFDAs2DLAds6gQ=="],

    "@esbuild/win32-ia32": ["@esbuild/win32-ia32@0.25.9", "", { "os": "win32", "cpu": "ia32" }, "sha512-b33gLVU2k11nVx1OhX3C8QQP6UHQK4ZtN56oFWvVXvz2VkDoe6fbG8TOgHFxEvqeqohmRnIHe5A1+HADk4OQww=="],

    "@esbuild/win32-x64": ["@esbuild/win32-x64@0.25.9", "", { "os": "win32", "cpu": "x64" }, "sha512-PPOl1mi6lpLNQxnGoyAfschAodRFYXJ+9fs6WHXz7CSWKbOqiMZsubC+BQsVKuul+3vKLuwTHsS2c2y9EoKwxQ=="],

    "@medley/router": ["@medley/router@0.2.1", "", { "dependencies": { "object-treeify": "^1.1.20" } }, "sha512-mdvS1spIxmZoUbTdYmWknHtwm72WwrGNoQCDd4RTvcXJ9G6XThxeC3g+cpOf6Fw6vIERHt50pYiJpsk5XTJQ5w=="],

    "@types/accepts": ["@types/accepts@1.3.7", "", { "dependencies": { "@types/node": "*" } }, "sha512-Pay9fq2lM2wXPWbteBsRAGiWH2hig4ZE2asK+mm7kUzlxRTfL961rj89I6zV/E3PcIkDqyuBEcMxFT7rccugeQ=="],

    "@types/body-parser": ["@types/body-parser@1.19.6", "", { "dependencies": { "@types/connect": "*", "@types/node": "*" } }, "sha512-HLFeCYgz89uk22N5Qg3dvGvsv46B8GLvKKo1zKG4NybA8U2DiEO3w9lqGg29t/tfLRJpJ6iQxnVw4OnB7MoM9g=="],

    "@types/connect": ["@types/connect@3.4.38", "", { "dependencies": { "@types/node": "*" } }, "sha512-K6uROf1LD88uDQqJCktA4yzL1YYAK6NgfsI0v/mTgyPKWsX1CnJ0XPSDhViejru1GcRkLWb8RlzFYJRqGUbaug=="],

    "@types/content-disposition": ["@types/content-disposition@0.5.9", "", {}, "sha512-8uYXI3Gw35MhiVYhG3s295oihrxRyytcRHjSjqnqZVDDy/xcGBRny7+Xj1Wgfhv5QzRtN2hB2dVRBUX9XW3UcQ=="],

    "@types/cookies": ["@types/cookies@0.9.1", "", { "dependencies": { "@types/connect": "*", "@types/express": "*", "@types/keygrip": "*", "@types/node": "*" } }, "sha512-E/DPgzifH4sM1UMadJMWd6mO2jOd4g1Ejwzx8/uRCDpJis1IrlyQEcGAYEomtAqRYmD5ORbNXMeI9U0RiVGZbg=="],

    "@types/express": ["@types/express@5.0.3", "", { "dependencies": { "@types/body-parser": "*", "@types/express-serve-static-core": "^5.0.0", "@types/serve-static": "*" } }, "sha512-wGA0NX93b19/dZC1J18tKWVIYWyyF2ZjT9vin/NRu0qzzvfVzWjs04iq2rQ3H65vCTQYlRqs3YHfY7zjdV+9Kw=="],

    "@types/express-serve-static-core": ["@types/express-serve-static-core@5.0.7", "", { "dependencies": { "@types/node": "*", "@types/qs": "*", "@types/range-parser": "*", "@types/send": "*" } }, "sha512-R+33OsgWw7rOhD1emjU7dzCDHucJrgJXMA5PYCzJxVil0dsyx5iBEPHqpPfiKNJQb7lZ1vxwoLR4Z87bBUpeGQ=="],

    "@types/http-assert": ["@types/http-assert@1.5.6", "", {}, "sha512-TTEwmtjgVbYAzZYWyeHPrrtWnfVkm8tQkP8P21uQifPgMRgjrow3XDEYqucuC8SKZJT7pUnhU/JymvjggxO9vw=="],

    "@types/http-errors": ["@types/http-errors@2.0.5", "", {}, "sha512-r8Tayk8HJnX0FztbZN7oVqGccWgw98T/0neJphO91KkmOzug1KkofZURD4UaD5uH8AqcFLfdPErnBod0u71/qg=="],

    "@types/keygrip": ["@types/keygrip@1.0.6", "", {}, "sha512-lZuNAY9xeJt7Bx4t4dx0rYCDqGPW8RXhQZK1td7d4H6E9zYbLoOtjBvfwdTKpsyxQI/2jv+armjX/RW+ZNpXOQ=="],

    "@types/koa": ["@types/koa@2.15.0", "", { "dependencies": { "@types/accepts": "*", "@types/content-disposition": "*", "@types/cookies": "*", "@types/http-assert": "*", "@types/http-errors": "*", "@types/keygrip": "*", "@types/koa-compose": "*", "@types/node": "*" } }, "sha512-7QFsywoE5URbuVnG3loe03QXuGajrnotr3gQkXcEBShORai23MePfFYdhz90FEtBBpkyIYQbVD+evKtloCgX3g=="],

    "@types/koa-compose": ["@types/koa-compose@3.2.8", "", { "dependencies": { "@types/koa": "*" } }, "sha512-4Olc63RY+MKvxMwVknCUDhRQX1pFQoBZ/lXcRLP69PQkEpze/0cr8LNqJQe5NFb/b19DWi2a5bTi2VAlQzhJuA=="],

    "@types/mime": ["@types/mime@1.3.5", "", {}, "sha512-/pyBZWSLD2n0dcHE3hq8s8ZvcETHtEuF+3E7XVt0Ig2nvsVQXdghHVcEkIWjy9A0wKfTn97a/PSDYohKIlnP/w=="],

    "@types/node": ["@types/node@24.3.0", "", { "dependencies": { "undici-types": "~7.10.0" } }, "sha512-aPTXCrfwnDLj4VvXrm+UUCQjNEvJgNA8s5F1cvwQU+3KNltTOkBm1j30uNLyqqPNe7gE3KFzImYoZEfLhp4Yow=="],

    "@types/qs": ["@types/qs@6.14.0", "", {}, "sha512-eOunJqu0K1923aExK6y8p6fsihYEn/BYuQ4g0CxAAgFc4b/ZLN4CrsRZ55srTdqoiLzU2B2evC+apEIxprEzkQ=="],

    "@types/range-parser": ["@types/range-parser@1.2.7", "", {}, "sha512-hKormJbkJqzQGhziax5PItDUTMAM9uE2XXQmM37dyd4hVM+5aVl7oVxMVUiVQn2oCQFN/LKCZdvSM0pFRqbSmQ=="],

    "@types/send": ["@types/send@0.17.5", "", { "dependencies": { "@types/mime": "^1", "@types/node": "*" } }, "sha512-z6F2D3cOStZvuk2SaP6YrwkNO65iTZcwA2ZkSABegdkAh/lf+Aa/YQndZVfmEXT5vgAp6zv06VQ3ejSVjAny4w=="],

    "@types/serve-static": ["@types/serve-static@1.15.8", "", { "dependencies": { "@types/http-errors": "*", "@types/node": "*", "@types/send": "*" } }, "sha512-roei0UY3LhpOJvjbIP6ZZFngyLKl5dskOtDhxY5THRSpO+ZI+nzJ+m5yUMzGrp89YRa7lvknKkMYjqQFGwA7Sg=="],

    "accepts": ["accepts@1.3.8", "", { "dependencies": { "mime-types": "~2.1.34", "negotiator": "0.6.3" } }, "sha512-PYAthTa2m2VKxuvSD3DPC/Gy+U+sOA1LAuT8mkmRuvw+NACSaeXEQ+NHcVF7rONl6qcaxV3Uuemwawk+7+SJLw=="],

    "array-flatten": ["array-flatten@1.1.1", "", {}, "sha512-PCVAQswWemu6UdxsDFFX/+gVeYqKAod3D3UVm91jHwynguOwAvYPhx8nNlM++NqRcK6CxxpUafjmhIdKiHibqg=="],

    "body-parser": ["body-parser@1.20.3", "", { "dependencies": { "bytes": "3.1.2", "content-type": "~1.0.5", "debug": "2.6.9", "depd": "2.0.0", "destroy": "1.2.0", "http-errors": "2.0.0", "iconv-lite": "0.4.24", "on-finished": "2.4.1", "qs": "6.13.0", "raw-body": "2.5.2", "type-is": "~1.6.18", "unpipe": "1.0.0" } }, "sha512-7rAxByjUMqQ3/bHJy7D6OGXvx/MMc4IqBn/X0fcM1QUcAItpZrBEYhWGem+tzXH90c+G01ypMcYJBO9Y30203g=="],

    "bytes": ["bytes@3.1.2", "", {}, "sha512-/Nf7TyzTx6S3yRJObOAV7956r8cr2+Oj8AC5dt8wSP3BQAoeX58NoHyCU8P8zGkNXStjTSi6fzO6F0pBdcYbEg=="],

    "call-bind-apply-helpers": ["call-bind-apply-helpers@1.0.2", "", { "dependencies": { "es-errors": "^1.3.0", "function-bind": "^1.1.2" } }, "sha512-Sp1ablJ0ivDkSzjcaJdxEunN5/XvksFJ2sMBFfq6x0ryhQV/2b/KwFe21cMpmHtPOSij8K99/wSfoEuTObmuMQ=="],

    "call-bound": ["call-bound@1.0.4", "", { "dependencies": { "call-bind-apply-helpers": "^1.0.2", "get-intrinsic": "^1.3.0" } }, "sha512-+ys997U96po4Kx/ABpBCqhA9EuxJaQWDQg7295H4hBphv3IZg0boBKuwYpt4YXp6MZ5AmZQnU/tyMTlRpaSejg=="],

    "content-disposition": ["content-disposition@0.5.4", "", { "dependencies": { "safe-buffer": "5.2.1" } }, "sha512-FveZTNuGw04cxlAiWbzi6zTAL/lhehaWbTtgluJh4/E95DqMwTmha3KZN1aAWA8cFIhHzMZUvLevkw5Rqk+tSQ=="],

    "content-type": ["content-type@1.0.5", "", {}, "sha512-nTjqfcBFEipKdXCv4YDQWCfmcLZKm81ldF0pAopTvyrFGVbcR6P/VAAd5G7N+0tTr8QqiU0tFadD6FK4NtJwOA=="],

    "cookie": ["cookie@0.7.1", "", {}, "sha512-6DnInpx7SJ2AK3+CTUE/ZM0vWTUboZCegxhC2xiIydHR9jNuTAASBrfEpHhiGOZw/nX51bHt6YQl8jsGo4y/0w=="],

    "cookie-signature": ["cookie-signature@1.0.6", "", {}, "sha512-QADzlaHc8icV8I7vbaJXJwod9HWYp8uCqf1xa4OfNu1T7JVxQIrUgOWtHdNDtPiywmFbiS12VjotIXLrKM3orQ=="],

    "debug": ["debug@2.6.9", "", { "dependencies": { "ms": "2.0.0" } }, "sha512-bC7ElrdJaJnPbAP+1EotYvqZsb3ecl5wi6Bfi6BJTUcNowp6cvspg0jXznRTKDjm/E7AdgFBVeAPVMNcKGsHMA=="],

    "depd": ["depd@2.0.0", "", {}, "sha512-g7nH6P6dyDioJogAAGprGpCtVImJhpPk/roCzdb3fIh61/s/nPsfR6onyMwkCAR/OlC3yBC0lESvUoQEAssIrw=="],

    "destroy": ["destroy@1.2.0", "", {}, "sha512-2sJGJTaXIIaR1w4iJSNoN0hnMY7Gpc/n8D4qSCJw8QqFWXf7cuAgnEHxBpweaVcPevC2l3KpjYCx3NypQQgaJg=="],

    "dunder-proto": ["dunder-proto@1.0.1", "", { "dependencies": { "call-bind-apply-helpers": "^1.0.1", "es-errors": "^1.3.0", "gopd": "^1.2.0" } }, "sha512-KIN/nDJBQRcXw0MLVhZE9iQHmG68qAVIBg9CqmUYjmQIhgij9U5MFvrqkUL5FbtyyzZuOeOt0zdeRe4UY7ct+A=="],

    "ee-first": ["ee-first@1.1.1", "", {}, "sha512-WMwm9LhRUo+WUaRN+vRuETqG89IgZphVSNkdFgeb6sS/E4OrDIN7t48CAewSHXc6C8lefD8KKfr5vY61brQlow=="],

    "encodeurl": ["encodeurl@2.0.0", "", {}, "sha512-Q0n9HRi4m6JuGIV1eFlmvJB7ZEVxu93IrMyiMsGC0lrMJMWzRgx6WGquyfQgZVb31vhGgXnfmPNNXmxnOkRBrg=="],

    "es-define-property": ["es-define-property@1.0.1", "", {}, "sha512-e3nRfgfUZ4rNGL232gUgX06QNyyez04KdjFrF+LTRoOXmrOgFKDg4BCdsjW8EnT69eqdYGmRpJwiPVYNrCaW3g=="],

    "es-errors": ["es-errors@1.3.0", "", {}, "sha512-Zf5H2Kxt2xjTvbJvP2ZWLEICxA6j+hAmMzIlypy4xcBg1vKVnx89Wy0GbS+kf5cwCVFFzdCFh2XSCFNULS6csw=="],

    "es-object-atoms": ["es-object-atoms@1.1.1", "", { "dependencies": { "es-errors": "^1.3.0" } }, "sha512-FGgH2h8zKNim9ljj7dankFPcICIK9Cp5bm+c2gQSYePhpaG5+esrLODihIorn+Pe6FGJzWhXQotPv73jTaldXA=="],

    "esbuild": ["esbuild@0.25.9", "", { "optionalDependencies": { "@esbuild/aix-ppc64": "0.25.9", "@esbuild/android-arm": "0.25.9", "@esbuild/android-arm64": "0.25.9", "@esbuild/android-x64": "0.25.9", "@esbuild/darwin-arm64": "0.25.9", "@esbuild/darwin-x64": "0.25.9", "@esbuild/freebsd-arm64": "0.25.9", "@esbuild/freebsd-x64": "0.25.9", "@esbuild/linux-arm": "0.25.9", "@esbuild/linux-arm64": "0.25.9", "@esbuild/linux-ia32": "0.25.9", "@esbuild/linux-loong64": "0.25.9", "@esbuild/linux-mips64el": "0.25.9", "@esbuild/linux-ppc64": "0.25.9", "@esbuild/linux-riscv64": "0.25.9", "@esbuild/linux-s390x": "0.25.9", "@esbuild/linux-x64": "0.25.9", "@esbuild/netbsd-arm64": "0.25.9", "@esbuild/netbsd-x64": "0.25.9", "@esbuild/openbsd-arm64": "0.25.9", "@esbuild/openbsd-x64": "0.25.9", "@esbuild/openharmony-arm64": "0.25.9", "@esbuild/sunos-x64": "0.25.9", "@esbuild/win32-arm64": "0.25.9", "@esbuild/win32-ia32": "0.25.9", "@esbuild/win32-x64": "0.25.9" }, "bin": { "esbuild": "bin/esbuild" } }, "sha512-CRbODhYyQx3qp7ZEwzxOk4JBqmD/seJrzPa/cGjY1VtIn5E09Oi9/dB4JwctnfZ8Q8iT7rioVv5k/FNT/uf54g=="],

    "escape-html": ["escape-html@1.0.3", "", {}, "sha512-NiSupZ4OeuGwr68lGIeym/ksIZMJodUGOSCZ/FSnTxcrekbvqrgdUxlJOMpijaKZVjAJrWrGs/6Jy8OMuyj9ow=="],

    "etag": ["etag@1.8.1", "", {}, "sha512-aIL5Fx7mawVa300al2BnEE4iNvo1qETxLrPI/o05L7z6go7fCw1J6EQmbK4FmJ2AS7kgVF/KEZWufBfdClMcPg=="],

    "express": ["express@4.21.2", "", { "dependencies": { "accepts": "~1.3.8", "array-flatten": "1.1.1", "body-parser": "1.20.3", "content-disposition": "0.5.4", "content-type": "~1.0.4", "cookie": "0.7.1", "cookie-signature": "1.0.6", "debug": "2.6.9", "depd": "2.0.0", "encodeurl": "~2.0.0", "escape-html": "~1.0.3", "etag": "~1.8.1", "finalhandler": "1.3.1", "fresh": "0.5.2", "http-errors": "2.0.0", "merge-descriptors": "1.0.3", "methods": "~1.1.2", "on-finished": "2.4.1", "parseurl": "~1.3.3", "path-to-regexp": "0.1.12", "proxy-addr": "~2.0.7", "qs": "6.13.0", "range-parser": "~1.2.1", "safe-buffer": "5.2.1", "send": "0.19.0", "serve-static": "1.16.2", "setprototypeof": "1.2.0", "statuses": "2.0.1", "type-is": "~1.6.18", "utils-merge": "1.0.1", "vary": "~1.1.2" } }, "sha512-28HqgMZAmih1Czt9ny7qr6ek2qddF4FclbMzwhCREB6OFfH+rXAnuNCwo1/wFvrtbgsQDb4kSbX9de9lFbrXnA=="],

    "fast-decode-uri-component": ["fast-decode-uri-component@1.0.1", "", {}, "sha512-WKgKWg5eUxvRZGwW8FvfbaH7AXSh2cL+3j5fMGzUMCxWBJ3dV3a7Wz8y2f/uQ0e3B6WmodD3oS54jTQ9HVTIIg=="],

    "fast-deep-equal": ["fast-deep-equal@3.1.3", "", {}, "sha512-f3qQ9oQy9j2AhBe/H9VC91wLmKBCCU/gDOnKNAYG5hswO7BLKj09Hc5HYNz9cGI++xlpDCIgDaitVs03ATR84Q=="],

    "fast-querystring": ["fast-querystring@1.1.2", "", { "dependencies": { "fast-decode-uri-component": "^1.0.1" } }, "sha512-g6KuKWmFXc0fID8WWH0jit4g0AGBoJhCkJMb1RmbsSEUNvQ+ZC8D6CUZ+GtF8nMzSPXnhiePyyqqipzNNEnHjg=="],

    "finalhandler": ["finalhandler@1.3.1", "", { "dependencies": { "debug": "2.6.9", "encodeurl": "~2.0.0", "escape-html": "~1.0.3", "on-finished": "2.4.1", "parseurl": "~1.3.3", "statuses": "2.0.1", "unpipe": "~1.0.0" } }, "sha512-6BN9trH7bp3qvnrRyzsBz+g3lZxTNZTbVO2EV1CS0WIcDbawYVdYvGflME/9QP0h0pYlCDBCTjYa9nZzMDpyxQ=="],

    "find-my-way": ["find-my-way@9.3.0", "", { "dependencies": { "fast-deep-equal": "^3.1.3", "fast-querystring": "^1.0.0", "safe-regex2": "^5.0.0" } }, "sha512-eRoFWQw+Yv2tuYlK2pjFS2jGXSxSppAs3hSQjfxVKxM5amECzIgYYc1FEI8ZmhSh/Ig+FrKEz43NLRKJjYCZVg=="],

    "forwarded": ["forwarded@0.2.0", "", {}, "sha512-buRG0fpBtRHSTCOASe6hD258tEubFoRLb4ZNA6NxMVHNw2gOcwHo9wyablzMzOA5z9xA9L1KNjk/Nt6MT9aYow=="],

    "fresh": ["fresh@0.5.2", "", {}, "sha512-zJ2mQYM18rEFOudeV4GShTGIQ7RbzA7ozbU9I/XBpm7kqgMywgmylMwXHxZJmkVoYkna9d2pVXVXPdYTP9ej8Q=="],

    "fsevents": ["fsevents@2.3.3", "", { "os": "darwin" }, "sha512-5xoDfX+fL7faATnagmWPpbFtwh/R77WmMMqqHGS65C3vvB0YHrgF+B1YmZ3441tMj5n63k0212XNoJwzlhffQw=="],

    "function-bind": ["function-bind@1.1.2", "", {}, "sha512-7XHNxH7qX9xG5mIwxkhumTox/MIRNcOgDrxWsMt2pAr23WHp6MrRlN7FBSFpCpr+oVO0F744iUgR82nJMfG2SA=="],

    "get-intrinsic": ["get-intrinsic@1.3.0", "", { "dependencies": { "call-bind-apply-helpers": "^1.0.2", "es-define-property": "^1.0.1", "es-errors": "^1.3.0", "es-object-atoms": "^1.1.1", "function-bind": "^1.1.2", "get-proto": "^1.0.1", "gopd": "^1.2.0", "has-symbols": "^1.1.0", "hasown": "^2.0.2", "math-intrinsics": "^1.1.0" } }, "sha512-9fSjSaos/fRIVIp+xSJlE6lfwhES7LNtKaCBIamHsjr2na1BiABJPo0mOjjz8GJDURarmCPGqaiVg5mfjb98CQ=="],

    "get-proto": ["get-proto@1.0.1", "", { "dependencies": { "dunder-proto": "^1.0.1", "es-object-atoms": "^1.0.0" } }, "sha512-sTSfBjoXBp89JvIKIefqw7U2CCebsc74kiY6awiGogKtoSGbgjYE/G/+l9sF3MWFPNc9IcoOC4ODfKHfxFmp0g=="],

    "get-tsconfig": ["get-tsconfig@4.10.1", "", { "dependencies": { "resolve-pkg-maps": "^1.0.0" } }, "sha512-auHyJ4AgMz7vgS8Hp3N6HXSmlMdUyhSUrfBF16w153rxtLIEOE+HGqaBppczZvnHLqQJfiHotCYpNhl0lUROFQ=="],

    "gopd": ["gopd@1.2.0", "", {}, "sha512-ZUKRh6/kUFoAiTAtTYPZJ3hw9wNxx+BIBOijnlG9PnrJsCcSjs1wyyD6vJpaYtgnzDrKYRSqf3OO6Rfa93xsRg=="],

    "has-symbols": ["has-symbols@1.1.0", "", {}, "sha512-1cDNdwJ2Jaohmb3sg4OmKaMBwuC48sYni5HUw2DvsC8LjGTLK9h+eb1X6RyuOHe4hT0ULCW68iomhjUoKUqlPQ=="],

    "hasown": ["hasown@2.0.2", "", { "dependencies": { "function-bind": "^1.1.2" } }, "sha512-0hJU9SCPvmMzIBdZFqNPXWa6dqh7WdH0cII9y+CyS8rG3nL48Bclra9HmKhVVUHyPWNH5Y7xDwAB7bfgSjkUMQ=="],

    "http-errors": ["http-errors@2.0.0", "", { "dependencies": { "depd": "2.0.0", "inherits": "2.0.4", "setprototypeof": "1.2.0", "statuses": "2.0.1", "toidentifier": "1.0.1" } }, "sha512-FtwrG/euBzaEjYeRqOgly7G0qviiXoJWnvEH2Z1plBdXgbyjv34pHTSb9zoeHMyDy33+DWy5Wt9Wo+TURtOYSQ=="],

    "iconv-lite": ["iconv-lite@0.4.24", "", { "dependencies": { "safer-buffer": ">= 2.1.2 < 3" } }, "sha512-v3MXnZAcvnywkTUEZomIActle7RXXeedOR31wwl7VlyoXO4Qi9arvSenNQWne1TcRwhCL1HwLI21bEqdpj8/rA=="],

    "inherits": ["inherits@2.0.4", "", {}, "sha512-k/vGaX4/Yla3WzyMCvTQOXYeIHvqOKtnqBduzTHpzpQZzAskKMhZ2K+EnBiSM9zGSoIFeMpXKxa4dYeZIQqewQ=="],

    "ipaddr.js": ["ipaddr.js@1.9.1", "", {}, "sha512-0KI/607xoxSToH7GjN1FfSbLoU0+btTicjsQSWQlh/hZykN8KpmMf7uYwPW3R+akZ6R/w18ZlXSHBYXiYUPO3g=="],

    "koa-compose": ["koa-compose@4.1.0", "", {}, "sha512-8ODW8TrDuMYvXRwra/Kh7/rJo9BtOfPc6qO8eAfC80CnCvSjSl0bkRM24X6/XBBEyj0v1nRUQ1LyOy3dbqOWXw=="],

    "koa-router": ["koa-router@12.0.1", "", { "dependencies": { "debug": "^4.3.4", "http-errors": "^2.0.0", "koa-compose": "^4.1.0", "methods": "^1.1.2", "path-to-regexp": "^6.2.1" } }, "sha512-gaDdj3GtzoLoeosacd50kBBTnnh3B9AYxDThQUo4sfUyXdOhY6ku1qyZKW88tQCRgc3Sw6ChXYXWZwwgjOxE0w=="],

    "koa-tree-router": ["koa-tree-router@0.13.1", "", { "dependencies": { "@types/koa": "^2.15.0", "koa-compose": "^4.1.0" } }, "sha512-MFsDRupP6crtCVgt+kZmg8jgeFZqkr3iumZcIzXfMoSsI4NfhnHVnUb+4ANdgH50QmFmk03ez3Vt8X+FE6Rj6g=="],

    "math-intrinsics": ["math-intrinsics@1.1.0", "", {}, "sha512-/IXtbwEk5HTPyEwyKX6hGkYXxM9nbj64B+ilVJnC/R6B0pH5G4V3b0pVbL7DBj4tkhBAppbQUlf6F6Xl9LHu1g=="],

    "media-typer": ["media-typer@0.3.0", "", {}, "sha512-dq+qelQ9akHpcOl/gUVRTxVIOkAJ1wR3QAvb4RsVjS8oVoFjDGTc679wJYmUmknUF5HwMLOgb5O+a3KxfWapPQ=="],

    "memoirist": ["memoirist@0.4.0", "", {}, "sha512-zxTgA0mSYELa66DimuNQDvyLq36AwDlTuVRbnQtB+VuTcKWm5Qc4z3WkSpgsFWHNhexqkIooqpv4hdcqrX5Nmg=="],

    "merge-descriptors": ["merge-descriptors@1.0.3", "", {}, "sha512-gaNvAS7TZ897/rVaZ0nMtAyxNyi/pdbjbAwUpFQpN70GqnVfOiXpeUUMKRBmzXaSQ8DdTX4/0ms62r2K+hE6mQ=="],

    "methods": ["methods@1.1.2", "", {}, "sha512-iclAHeNqNm68zFtnZ0e+1L2yUIdvzNoauKU4WBA3VvH/vPFieF7qfRlwUZU+DA9P9bPXIS90ulxoUoCH23sV2w=="],

    "mime": ["mime@1.6.0", "", { "bin": { "mime": "cli.js" } }, "sha512-x0Vn8spI+wuJ1O6S7gnbaQg8Pxh4NNHb7KSINmEWKiPE4RKOplvijn+NkmYmmRgP68mc70j2EbeTFRsrswaQeg=="],

    "mime-db": ["mime-db@1.52.0", "", {}, "sha512-sPU4uV7dYlvtWJxwwxHD0PuihVNiE7TyAbQ5SWxDCB9mUYvOgroQOwYQQOKPJ8CIbE+1ETVlOoK1UC2nU3gYvg=="],

    "mime-types": ["mime-types@2.1.35", "", { "dependencies": { "mime-db": "1.52.0" } }, "sha512-ZDY+bPm5zTTF+YpCrAU9nK0UgICYPT0QtT1NZWFv4s++TNkcgVaT0g6+4R2uI4MjQjzysHB1zxuWL50hzaeXiw=="],

    "mitata": ["mitata@1.0.34", "", {}, "sha512-Mc3zrtNBKIMeHSCQ0XqRLo1vbdIx1wvFV9c8NJAiyho6AjNfMY8bVhbS12bwciUdd1t4rj8099CH3N3NFahaUA=="],

    "ms": ["ms@2.0.0", "", {}, "sha512-Tpp60P6IUJDTuOq/5Z8cdskzJujfwqfOTkrwIwj7IRISpnkJnT6SyJ4PCPnGMoFjC9ddhal5KVIYtAt97ix05A=="],

    "negotiator": ["negotiator@0.6.3", "", {}, "sha512-+EUsqGPLsM+j/zdChZjsnX51g4XrHFOIXwfnCVPGlQk/k5giakcKsuxCObBRu6DSm9opw/O6slWbJdghQM4bBg=="],

    "object-inspect": ["object-inspect@1.13.4", "", {}, "sha512-W67iLl4J2EXEGTbfeHCffrjDfitvLANg0UlX3wFUUSTx92KXRFegMHUVgSqE+wvhAbi4WqjGg9czysTV2Epbew=="],

    "object-treeify": ["object-treeify@1.1.33", "", {}, "sha512-EFVjAYfzWqWsBMRHPMAXLCDIJnpMhdWAqR7xG6M6a2cs6PMFpl/+Z20w9zDW4vkxOFfddegBKq9Rehd0bxWE7A=="],

    "on-finished": ["on-finished@2.4.1", "", { "dependencies": { "ee-first": "1.1.1" } }, "sha512-oVlzkg3ENAhCk2zdv7IJwd/QUD4z2RxRwpkcGY8psCVcCYZNq4wYnVWALHM+brtuJjePWiYF/ClmuDr8Ch5+kg=="],

    "parseurl": ["parseurl@1.3.3", "", {}, "sha512-CiyeOxFT/JZyN5m0z9PfXw4SCBJ6Sygz1Dpl0wqjlhDEGGBP1GnsUVEL0p63hoG1fcj3fHynXi9NYO4nWOL+qQ=="],

    "path-to-regexp": ["path-to-regexp@0.1.12", "", {}, "sha512-RA1GjUVMnvYFxuqovrEqZoxxW5NUZqbwKtYz/Tt7nXerk0LbLblQmrsgdeOxV5SFHf0UDggjS/bSeOZwt1pmEQ=="],

    "proxy-addr": ["proxy-addr@2.0.7", "", { "dependencies": { "forwarded": "0.2.0", "ipaddr.js": "1.9.1" } }, "sha512-llQsMLSUDUPT44jdrU/O37qlnifitDP+ZwrmmZcoSKyLKvtZxpyV0n2/bD/N4tBAAZ/gJEdZU7KMraoK1+XYAg=="],

    "qs": ["qs@6.13.0", "", { "dependencies": { "side-channel": "^1.0.6" } }, "sha512-+38qI9SOr8tfZ4QmJNplMUxqjbe7LKvvZgWdExBOmd+egZTtjLB67Gu0HRX3u/XOq7UU2Nx6nsjvS16Z9uwfpg=="],

    "radix3": ["radix3@1.1.2", "", {}, "sha512-b484I/7b8rDEdSDKckSSBA8knMpcdsXudlE/LNL639wFoHKwLbEkQFZHWEYwDC0wa0FKUcCY+GAF73Z7wxNVFA=="],

    "range-parser": ["range-parser@1.2.1", "", {}, "sha512-Hrgsx+orqoygnmhFbKaHE6c296J+HTAQXoxEF6gNupROmmGJRoyzfG3ccAveqCBrwr/2yxQ5BVd/GTl5agOwSg=="],

    "raw-body": ["raw-body@2.5.2", "", { "dependencies": { "bytes": "3.1.2", "http-errors": "2.0.0", "iconv-lite": "0.4.24", "unpipe": "1.0.0" } }, "sha512-8zGqypfENjCIqGhgXToC8aB2r7YrBX+AQAfIPs/Mlk+BtPTztOvTS01NRW/3Eh60J+a48lt8qsCzirQ6loCVfA=="],

    "resolve-pkg-maps": ["resolve-pkg-maps@1.0.0", "", {}, "sha512-seS2Tj26TBVOC2NIc2rOe2y2ZO7efxITtLZcGSOnHHNOQ7CkiUBfw0Iw2ck6xkIhPwLhKNLS8BO+hEpngQlqzw=="],

    "ret": ["ret@0.5.0", "", {}, "sha512-I1XxrZSQ+oErkRR4jYbAyEEu2I0avBvvMM5JN+6EBprOGRCs63ENqZ3vjavq8fBw2+62G5LF5XelKwuJpcvcxw=="],

    "rou3": ["rou3@0.7.3", "", {}, "sha512-KKenF/hB2iIhS1ohj226LT+/8uKCBpSMqeS4V1UPN9vad99uLoyIhrULRRB1skaB40LQHcBlSsAi3sT8MaoDDQ=="],

    "safe-buffer": ["safe-buffer@5.2.1", "", {}, "sha512-rp3So07KcdmmKbGvgaNxQSJr7bGVSVk5S9Eq1F+ppbRo70+YeaDxkw5Dd8NPN+GD6bjnYm2VuPuCXmpuYvmCXQ=="],

    "safe-regex2": ["safe-regex2@5.0.0", "", { "dependencies": { "ret": "~0.5.0" } }, "sha512-YwJwe5a51WlK7KbOJREPdjNrpViQBI3p4T50lfwPuDhZnE3XGVTlGvi+aolc5+RvxDD6bnUmjVsU9n1eboLUYw=="],

    "safer-buffer": ["safer-buffer@2.1.2", "", {}, "sha512-YZo3K82SD7Riyi0E1EQPojLz7kpepnSQI9IyPbHHg1XXXevb5dJI7tpyN2ADxGcQbHG7vcyRHk0cbwqcQriUtg=="],

    "send": ["send@0.19.0", "", { "dependencies": { "debug": "2.6.9", "depd": "2.0.0", "destroy": "1.2.0", "encodeurl": "~1.0.2", "escape-html": "~1.0.3", "etag": "~1.8.1", "fresh": "0.5.2", "http-errors": "2.0.0", "mime": "1.6.0", "ms": "2.1.3", "on-finished": "2.4.1", "range-parser": "~1.2.1", "statuses": "2.0.1" } }, "sha512-dW41u5VfLXu8SJh5bwRmyYUbAoSB3c9uQh6L8h/KtsFREPWpbX1lrljJo186Jc4nmci/sGUZ9a0a0J2zgfq2hw=="],

    "serve-static": ["serve-static@1.16.2", "", { "dependencies": { "encodeurl": "~2.0.0", "escape-html": "~1.0.3", "parseurl": "~1.3.3", "send": "0.19.0" } }, "sha512-VqpjJZKadQB/PEbEwvFdO43Ax5dFBZ2UECszz8bQ7pi7wt//PWe1P6MN7eCnjsatYtBT6EuiClbjSWP2WrIoTw=="],

    "setprototypeof": ["setprototypeof@1.2.0", "", {}, "sha512-E5LDX7Wrp85Kil5bhZv46j8jOeboKq5JMmYM3gVGdGH8xFpPWXUMsNrlODCrkoxMEeNi/XZIwuRvY4XNwYMJpw=="],

    "side-channel": ["side-channel@1.1.0", "", { "dependencies": { "es-errors": "^1.3.0", "object-inspect": "^1.13.3", "side-channel-list": "^1.0.0", "side-channel-map": "^1.0.1", "side-channel-weakmap": "^1.0.2" } }, "sha512-ZX99e6tRweoUXqR+VBrslhda51Nh5MTQwou5tnUDgbtyM0dBgmhEDtWGP/xbKn6hqfPRHujUNwz5fy/wbbhnpw=="],

    "side-channel-list": ["side-channel-list@1.0.0", "", { "dependencies": { "es-errors": "^1.3.0", "object-inspect": "^1.13.3" } }, "sha512-FCLHtRD/gnpCiCHEiJLOwdmFP+wzCmDEkc9y7NsYxeF4u7Btsn1ZuwgwJGxImImHicJArLP4R0yX4c2KCrMrTA=="],

    "side-channel-map": ["side-channel-map@1.0.1", "", { "dependencies": { "call-bound": "^1.0.2", "es-errors": "^1.3.0", "get-intrinsic": "^1.2.5", "object-inspect": "^1.13.3" } }, "sha512-VCjCNfgMsby3tTdo02nbjtM/ewra6jPHmpThenkTYh8pG9ucZ/1P8So4u4FGBek/BjpOVsDCMoLA/iuBKIFXRA=="],

    "side-channel-weakmap": ["side-channel-weakmap@1.0.2", "", { "dependencies": { "call-bound": "^1.0.2", "es-errors": "^1.3.0", "get-intrinsic": "^1.2.5", "object-inspect": "^1.13.3", "side-channel-map": "^1.0.1" } }, "sha512-WPS/HvHQTYnHisLo9McqBHOJk2FkHO/tlpvldyrnem4aeQp4hai3gythswg6p01oSoTl58rcpiFAjF2br2Ak2A=="],

    "statuses": ["statuses@2.0.1", "", {}, "sha512-RwNA9Z/7PrK06rYLIzFMlaF+l73iwpzsqRIFgbMLbTcLD6cOao82TaWefPXQvB2fOC4AjuYSEndS7N/mTCbkdQ=="],

    "toidentifier": ["toidentifier@1.0.1", "", {}, "sha512-o5sSPKEkg/DIQNmH43V0/uerLrpzVedkUh8tGNvaeXpfpuwjKenlSox/2O/BTlZUtEe+JG7s5YhEz608PlAHRA=="],

    "trek-router": ["trek-router@1.2.0", "", {}, "sha512-43A1krE0myUO2DV+RQBUYLwK3Q5osszQ65jFe/TFGWMnhdZx0nvq2GQXecXwIPU0weSFo1pYmHfhHHaUPPIRNg=="],

    "tsx": ["tsx@4.20.5", "", { "dependencies": { "esbuild": "~0.25.0", "get-tsconfig": "^4.7.5" }, "optionalDependencies": { "fsevents": "~2.3.3" }, "bin": { "tsx": "dist/cli.mjs" } }, "sha512-+wKjMNU9w/EaQayHXb7WA7ZaHY6hN8WgfvHNQ3t1PnU91/7O8TcTnIhCDYTZwnt8JsO9IBqZ30Ln1r7pPF52Aw=="],

    "type-is": ["type-is@1.6.18", "", { "dependencies": { "media-typer": "0.3.0", "mime-types": "~2.1.24" } }, "sha512-TkRKr9sUTxEH8MdfuCSP7VizJyzRNMjj2J2do2Jr3Kym598JVdEksuzPQCnlFPW4ky9Q+iA+ma9BGm06XQBy8g=="],

    "undici-types": ["undici-types@7.10.0", "", {}, "sha512-t5Fy/nfn+14LuOc2KNYg75vZqClpAiqscVvMygNnlsHBFpSXdJaYtXMcdNLpl/Qvc3P2cB3s6lOV51nqsFq4ag=="],

    "unpipe": ["unpipe@1.0.0", "", {}, "sha512-pjy2bYhSsufwWlKwPc+l3cN7+wuJlK6uz0YdJEOlQDbl6jo/YlPi4mb8agUkVC8BF7V8NuzeyPNqRksA3hztKQ=="],

    "utils-merge": ["utils-merge@1.0.1", "", {}, "sha512-pMZTvIkT1d+TFGvDOqodOclx0QWkkgi6Tdoa8gC8ffGAAqz9pzPTZWAybbsHHoED/ztMtkv/VoYTYyShUn81hA=="],

    "vary": ["vary@1.1.2", "", {}, "sha512-BNGbWLfd0eUPabhkXUVm0j8uuvREyTh5ovRa/dyow/BqAbZJyC+5fU+IzQOzmAKzYqYRAISoRhdQr3eIZ/PXqg=="],

    "koa-router/debug": ["debug@4.4.1", "", { "dependencies": { "ms": "^2.1.3" } }, "sha512-KcKCqiftBJcZr++7ykoDIEwSa3XWowTfNPo92BYxjXiyYEVrUQh2aLyhxBCwww+heortUFxEJYcRzosstTEBYQ=="],

    "koa-router/path-to-regexp": ["path-to-regexp@6.3.0", "", {}, "sha512-Yhpw4T9C6hPpgPeA28us07OJeqZ5EzQTkbfwuhsUg0c237RomFoETJgmp2sa3F/41gfLE6G5cqcYwznmeEeOlQ=="],

    "send/encodeurl": ["encodeurl@1.0.2", "", {}, "sha512-TPJXq8JqFaVYm2CWmPvnP2Iyo4ZSM7/QKcSmuMLDObfpH5fi7RUGmd/rTDf+rut/saiDiQEeVTNgAmJEdAOx0w=="],

    "send/ms": ["ms@2.1.3", "", {}, "sha512-6FlzubTLZG3J2a/NVCAleEhjzq5oxgHyaCU9yYXvcLsvoVaHJq/s5xXI6/XXP6tz7R9xAOtHnSO/tXtF3WRTlA=="],

    "koa-router/debug/ms": ["ms@2.1.3", "", {}, "sha512-6FlzubTLZG3J2a/NVCAleEhjzq5oxgHyaCU9yYXvcLsvoVaHJq/s5xXI6/XXP6tz7R9xAOtHnSO/tXtF3WRTlA=="],
  }
}
